
Microsoft Visual Studio Solution File, Format Version 10.00
# Visual Studio 2008
Project("{8BC9CEB8-8B4A-11D0-8D11-00A0C91BC942}") = "20140319", "20140319\20140319.vcproj", "{4B50CAAD-4FEF-46D3-AEB6-9C7B5B939FFB}"
EndProject
Project("{8BC9CEB8-8B4A-11D0-8D11-00A0C91BC942}") = "20140320", "20140320\20140320.vcproj", "{AC85D249-4D7A-4FCA-A02A-917D6956EDC7}"
EndProject
Project("{8BC9CEB8-8B4A-11D0-8D11-00A0C91BC942}") = "20140321", "20140321\20140321.vcproj", "{0FB097B2-2910-4394-9388-FE9D64F4BACF}"
EndProject
Project("{8BC9CEB8-8B4A-11D0-8D11-00A0C91BC942}") = "20140324", "20140324\20140324.vcproj", "{653D3CA6-9E85-4034-98A8-5C36C390EFEE}"
EndProject
Project("{8BC9CEB8-8B4A-11D0-8D11-00A0C91BC942}") = "20140325", "20140325\20140325.vcproj", "{9A17D9BB-62E5-4F97-AD6E-8C400F2CAE10}"
EndProject
Project("{8BC9CEB8-8B4A-11D0-8D11-00A0C91BC942}") = "20140326", "20140326\20140326.vcproj", "{92232047-8A92-49BA-BC21-18D293E1AEFD}"
EndProject
Project("{8BC9CEB8-8B4A-11D0-8D11-00A0C91BC942}") = "20140327", "20140327\20140327.vcproj", "{D8484C5E-E55A-4062-B6AC-A3C3AEA51DAF}"
EndProject
Project("{8BC9CEB8-8B4A-11D0-8D11-00A0C91BC942}") = "20140328", "20140328\20140328.vcproj", "{3DA41634-317E-471A-A9B9-2CD12D6B8E0D}"
EndProject
Project("{8BC9CEB8-8B4A-11D0-8D11-00A0C91BC942}") = "MainWindow", "MainWindow\MainWindow.vcproj", "{490E809F-C94B-4B0C-B676-824CFBD59D0A}"
EndProject
Project("{8BC9CEB8-8B4A-11D0-8D11-00A0C91BC942}") = "20140331", "20140331\20140331.vcproj", "{3D7374E5-0C47-415B-B5DB-99AB4A3682C4}"
EndProject
Project("{8BC9CEB8-8B4A-11D0-8D11-00A0C91BC942}") = "20140401", "20140401\20140401.vcproj", "{C02DDC54-833B-474F-89DC-A872D9BC0D9F}"
EndProject
Project("{8BC9CEB8-8B4A-11D0-8D11-00A0C91BC942}") = "20140402", "20140402\20140402.vcproj", "{B5D7A0FB-539A-475C-9EBE-CDCEEF595158}"
EndProject
Project("{8BC9CEB8-8B4A-11D0-8D11-00A0C91BC942}") = "20140318", "20140318\20140318.vcproj", "{7CC8C284-F32F-4858-A217-8A0C6B32CE7C}"
EndProject
Project("{8BC9CEB8-8B4A-11D0-8D11-00A0C91BC942}") = "20140404", "20140404\20140404.vcproj", "{27F48AD9-213C-46AF-9772-B78526E082DA}"
EndProject
Project("{8BC9CEB8-8B4A-11D0-8D11-00A0C91BC942}") = "20140407", "20140407\20140407.vcproj", "{4393211E-1592-4C53-8DEE-BCB8703A2DB5}"
EndProject
Project("{8BC9CEB8-8B4A-11D0-8D11-00A0C91BC942}") = "20140408", "20140408\20140408.vcproj", "{3D6BBAAF-9A3F-44CA-A31A-1A6D36C8AFDD}"
EndProject
Global
	GlobalSection(SolutionConfigurationPlatforms) = preSolution
		Debug|Win32 = Debug|Win32
		Release|Win32 = Release|Win32
	EndGlobalSection
	GlobalSection(ProjectConfigurationPlatforms) = postSolution
		{4B50CAAD-4FEF-46D3-AEB6-9C7B5B939FFB}.Debug|Win32.ActiveCfg = Debug|Win32
		{4B50CAAD-4FEF-46D3-AEB6-9C7B5B939FFB}.Debug|Win32.Build.0 = Debug|Win32
		{4B50CAAD-4FEF-46D3-AEB6-9C7B5B939FFB}.Release|Win32.ActiveCfg = Release|Win32
		{4B50CAAD-4FEF-46D3-AEB6-9C7B5B939FFB}.Release|Win32.Build.0 = Release|Win32
		{AC85D249-4D7A-4FCA-A02A-917D6956EDC7}.Debug|Win32.ActiveCfg = Debug|Win32
		{AC85D249-4D7A-4FCA-A02A-917D6956EDC7}.Debug|Win32.Build.0 = Debug|Win32
		{AC85D249-4D7A-4FCA-A02A-917D6956EDC7}.Release|Win32.ActiveCfg = Release|Win32
		{AC85D249-4D7A-4FCA-A02A-917D6956EDC7}.Release|Win32.Build.0 = Release|Win32
		{0FB097B2-2910-4394-9388-FE9D64F4BACF}.Debug|Win32.ActiveCfg = Debug|Win32
		{0FB097B2-2910-4394-9388-FE9D64F4BACF}.Debug|Win32.Build.0 = Debug|Win32
		{0FB097B2-2910-4394-9388-FE9D64F4BACF}.Release|Win32.ActiveCfg = Release|Win32
		{0FB097B2-2910-4394-9388-FE9D64F4BACF}.Release|Win32.Build.0 = Release|Win32
		{653D3CA6-9E85-4034-98A8-5C36C390EFEE}.Debug|Win32.ActiveCfg = Debug|Win32
		{653D3CA6-9E85-4034-98A8-5C36C390EFEE}.Debug|Win32.Build.0 = Debug|Win32
		{653D3CA6-9E85-4034-98A8-5C36C390EFEE}.Release|Win32.ActiveCfg = Release|Win32
		{653D3CA6-9E85-4034-98A8-5C36C390EFEE}.Release|Win32.Build.0 = Release|Win32
		{9A17D9BB-62E5-4F97-AD6E-8C400F2CAE10}.Debug|Win32.ActiveCfg = Debug|Win32
		{9A17D9BB-62E5-4F97-AD6E-8C400F2CAE10}.Debug|Win32.Build.0 = Debug|Win32
		{9A17D9BB-62E5-4F97-AD6E-8C400F2CAE10}.Release|Win32.ActiveCfg = Release|Win32
		{9A17D9BB-62E5-4F97-AD6E-8C400F2CAE10}.Release|Win32.Build.0 = Release|Win32
		{92232047-8A92-49BA-BC21-18D293E1AEFD}.Debug|Win32.ActiveCfg = Debug|Win32
		{92232047-8A92-49BA-BC21-18D293E1AEFD}.Debug|Win32.Build.0 = Debug|Win32
		{92232047-8A92-49BA-BC21-18D293E1AEFD}.Release|Win32.ActiveCfg = Release|Win32
		{92232047-8A92-49BA-BC21-18D293E1AEFD}.Release|Win32.Build.0 = Release|Win32
		{D8484C5E-E55A-4062-B6AC-A3C3AEA51DAF}.Debug|Win32.ActiveCfg = Debug|Win32
		{D8484C5E-E55A-4062-B6AC-A3C3AEA51DAF}.Debug|Win32.Build.0 = Debug|Win32
		{D8484C5E-E55A-4062-B6AC-A3C3AEA51DAF}.Release|Win32.ActiveCfg = Release|Win32
		{D8484C5E-E55A-4062-B6AC-A3C3AEA51DAF}.Release|Win32.Build.0 = Release|Win32
		{3DA41634-317E-471A-A9B9-2CD12D6B8E0D}.Debug|Win32.ActiveCfg = Debug|Win32
		{3DA41634-317E-471A-A9B9-2CD12D6B8E0D}.Debug|Win32.Build.0 = Debug|Win32
		{3DA41634-317E-471A-A9B9-2CD12D6B8E0D}.Release|Win32.ActiveCfg = Release|Win32
		{3DA41634-317E-471A-A9B9-2CD12D6B8E0D}.Release|Win32.Build.0 = Release|Win32
		{490E809F-C94B-4B0C-B676-824CFBD59D0A}.Debug|Win32.ActiveCfg = Debug|Win32
		{490E809F-C94B-4B0C-B676-824CFBD59D0A}.Debug|Win32.Build.0 = Debug|Win32
		{490E809F-C94B-4B0C-B676-824CFBD59D0A}.Release|Win32.ActiveCfg = Release|Win32
		{490E809F-C94B-4B0C-B676-824CFBD59D0A}.Release|Win32.Build.0 = Release|Win32
		{3D7374E5-0C47-415B-B5DB-99AB4A3682C4}.Debug|Win32.ActiveCfg = Debug|Win32
		{3D7374E5-0C47-415B-B5DB-99AB4A3682C4}.Debug|Win32.Build.0 = Debug|Win32
		{3D7374E5-0C47-415B-B5DB-99AB4A3682C4}.Release|Win32.ActiveCfg = Release|Win32
		{3D7374E5-0C47-415B-B5DB-99AB4A3682C4}.Release|Win32.Build.0 = Release|Win32
		{C02DDC54-833B-474F-89DC-A872D9BC0D9F}.Debug|Win32.ActiveCfg = Debug|Win32
		{C02DDC54-833B-474F-89DC-A872D9BC0D9F}.Debug|Win32.Build.0 = Debug|Win32
		{C02DDC54-833B-474F-89DC-A872D9BC0D9F}.Release|Win32.ActiveCfg = Release|Win32
		{C02DDC54-833B-474F-89DC-A872D9BC0D9F}.Release|Win32.Build.0 = Release|Win32
		{B5D7A0FB-539A-475C-9EBE-CDCEEF595158}.Debug|Win32.ActiveCfg = Debug|Win32
		{B5D7A0FB-539A-475C-9EBE-CDCEEF595158}.Debug|Win32.Build.0 = Debug|Win32
		{B5D7A0FB-539A-475C-9EBE-CDCEEF595158}.Release|Win32.ActiveCfg = Release|Win32
		{B5D7A0FB-539A-475C-9EBE-CDCEEF595158}.Release|Win32.Build.0 = Release|Win32
		{7CC8C284-F32F-4858-A217-8A0C6B32CE7C}.Debug|Win32.ActiveCfg = Debug|Win32
		{7CC8C284-F32F-4858-A217-8A0C6B32CE7C}.Debug|Win32.Build.0 = Debug|Win32
		{7CC8C284-F32F-4858-A217-8A0C6B32CE7C}.Release|Win32.ActiveCfg = Release|Win32
		{7CC8C284-F32F-4858-A217-8A0C6B32CE7C}.Release|Win32.Build.0 = Release|Win32
		{27F48AD9-213C-46AF-9772-B78526E082DA}.Debug|Win32.ActiveCfg = Debug|Win32
		{27F48AD9-213C-46AF-9772-B78526E082DA}.Debug|Win32.Build.0 = Debug|Win32
		{27F48AD9-213C-46AF-9772-B78526E082DA}.Release|Win32.ActiveCfg = Release|Win32
		{27F48AD9-213C-46AF-9772-B78526E082DA}.Release|Win32.Build.0 = Release|Win32
		{4393211E-1592-4C53-8DEE-BCB8703A2DB5}.Debug|Win32.ActiveCfg = Debug|Win32
		{4393211E-1592-4C53-8DEE-BCB8703A2DB5}.Debug|Win32.Build.0 = Debug|Win32
		{4393211E-1592-4C53-8DEE-BCB8703A2DB5}.Release|Win32.ActiveCfg = Release|Win32
		{4393211E-1592-4C53-8DEE-BCB8703A2DB5}.Release|Win32.Build.0 = Release|Win32
		{3D6BBAAF-9A3F-44CA-A31A-1A6D36C8AFDD}.Debug|Win32.ActiveCfg = Debug|Win32
		{3D6BBAAF-9A3F-44CA-A31A-1A6D36C8AFDD}.Debug|Win32.Build.0 = Debug|Win32
		{3D6BBAAF-9A3F-44CA-A31A-1A6D36C8AFDD}.Release|Win32.ActiveCfg = Release|Win32
		{3D6BBAAF-9A3F-44CA-A31A-1A6D36C8AFDD}.Release|Win32.Build.0 = Release|Win32
	EndGlobalSection
	GlobalSection(SolutionProperties) = preSolution
		HideSolutionNode = FALSE
	EndGlobalSection
EndGlobal
